
Microsoft Visual Studio Solution File, Format Version 12.00
# Visual Studio Version 17
VisualStudioVersion = 17.5.33414.496
MinimumVisualStudioVersion = 10.0.40219.1
Project("{9A19103F-16F7-4668-BE54-9A1E7A4F7556}") = "Fab.Grasshopper", "Fab.Grasshopper\Fab.Grasshopper.csproj", "{B9A47FCA-4C67-4AF4-A160-5F25E9926DAF}"
	ProjectSection(ProjectDependencies) = postProject
		{BCA1FB23-3074-4EF8-A61C-392FDCC88137} = {BCA1FB23-3074-4EF8-A61C-392FDCC88137}
	EndProjectSection
EndProject
Project("{FAE04EC0-301F-11D3-BF4B-00C04F79EFBC}") = "Fab.Core", "Fab.Core\Fab.Core.csproj", "{BCA1FB23-3074-4EF8-A61C-392FDCC88137}"
EndProject
Global
	GlobalSection(SolutionConfigurationPlatforms) = preSolution
		Debug|Any CPU = Debug|Any CPU
		Release|Any CPU = Release|Any CPU
	EndGlobalSection
	GlobalSection(ProjectConfigurationPlatforms) = postSolution
		{B9A47FCA-4C67-4AF4-A160-5F25E9926DAF}.Debug|Any CPU.ActiveCfg = Debug|Any CPU
		{B9A47FCA-4C67-4AF4-A160-5F25E9926DAF}.Debug|Any CPU.Build.0 = Debug|Any CPU
		{B9A47FCA-4C67-4AF4-A160-5F25E9926DAF}.Release|Any CPU.ActiveCfg = Release|Any CPU
		{B9A47FCA-4C67-4AF4-A160-5F25E9926DAF}.Release|Any CPU.Build.0 = Release|Any CPU
		{BCA1FB23-3074-4EF8-A61C-392FDCC88137}.Debug|Any CPU.ActiveCfg = Debug|Any CPU
		{BCA1FB23-3074-4EF8-A61C-392FDCC88137}.Debug|Any CPU.Build.0 = Debug|Any CPU
		{BCA1FB23-3074-4EF8-A61C-392FDCC88137}.Release|Any CPU.ActiveCfg = Release|Any CPU
		{BCA1FB23-3074-4EF8-A61C-392FDCC88137}.Release|Any CPU.Build.0 = Release|Any CPU
	EndGlobalSection
	GlobalSection(SolutionProperties) = preSolution
		HideSolutionNode = FALSE
	EndGlobalSection
	GlobalSection(ExtensibilityGlobals) = postSolution
		SolutionGuid = {9D0CE760-3FEA-4EBD-B1E5-685532AB11B2}
	EndGlobalSection
EndGlobal
